
Microsoft Visual Studio Solution File, Format Version 12.00
# Visual Studio Version 17
VisualStudioVersion = 17.8.34511.84
MinimumVisualStudioVersion = 10.0.40219.1
Project("{9A19103F-16F7-4668-BE54-9A1E7A4F7556}") = "unit test demo", "unit test demo.csproj", "{1B3ECA33-6621-4185-8718-2690A188E6C5}"
EndProject
Project("{9A19103F-16F7-4668-BE54-9A1E7A4F7556}") = "unit test demoTests", "..\unit test demoTests\unit test demoTests.csproj", "{65F1DEFF-64DE-4815-B3B5-A7FD54507D61}"
EndProject
Project("{2150E333-8FDC-42A3-9474-1A3956D46DE8}") = "mohan test", "mohan test", "{1E88452C-83A0-4217-9AAE-556BBD0E8207}"
EndProject
Project("{FAE04EC0-301F-11D3-BF4B-00C04F79EFBC}") = "mohan.unitTests", "..\tests\mohan.unitTests\mohan.unitTests.csproj", "{634B2218-1EB4-4851-8D44-D086A569FAB5}"
EndProject
Global
	GlobalSection(SolutionConfigurationPlatforms) = preSolution
		Debug|Any CPU = Debug|Any CPU
		Release|Any CPU = Release|Any CPU
	EndGlobalSection
	GlobalSection(ProjectConfigurationPlatforms) = postSolution
		{1B3ECA33-6621-4185-8718-2690A188E6C5}.Debug|Any CPU.ActiveCfg = Debug|Any CPU
		{1B3ECA33-6621-4185-8718-2690A188E6C5}.Debug|Any CPU.Build.0 = Debug|Any CPU
		{1B3ECA33-6621-4185-8718-2690A188E6C5}.Release|Any CPU.ActiveCfg = Release|Any CPU
		{1B3ECA33-6621-4185-8718-2690A188E6C5}.Release|Any CPU.Build.0 = Release|Any CPU
		{65F1DEFF-64DE-4815-B3B5-A7FD54507D61}.Debug|Any CPU.ActiveCfg = Debug|Any CPU
		{65F1DEFF-64DE-4815-B3B5-A7FD54507D61}.Debug|Any CPU.Build.0 = Debug|Any CPU
		{65F1DEFF-64DE-4815-B3B5-A7FD54507D61}.Release|Any CPU.ActiveCfg = Release|Any CPU
		{65F1DEFF-64DE-4815-B3B5-A7FD54507D61}.Release|Any CPU.Build.0 = Release|Any CPU
		{634B2218-1EB4-4851-8D44-D086A569FAB5}.Debug|Any CPU.ActiveCfg = Debug|Any CPU
		{634B2218-1EB4-4851-8D44-D086A569FAB5}.Debug|Any CPU.Build.0 = Debug|Any CPU
		{634B2218-1EB4-4851-8D44-D086A569FAB5}.Release|Any CPU.ActiveCfg = Release|Any CPU
		{634B2218-1EB4-4851-8D44-D086A569FAB5}.Release|Any CPU.Build.0 = Release|Any CPU
	EndGlobalSection
	GlobalSection(SolutionProperties) = preSolution
		HideSolutionNode = FALSE
	EndGlobalSection
	GlobalSection(NestedProjects) = preSolution
		{634B2218-1EB4-4851-8D44-D086A569FAB5} = {1E88452C-83A0-4217-9AAE-556BBD0E8207}
	EndGlobalSection
	GlobalSection(ExtensibilityGlobals) = postSolution
		SolutionGuid = {D638E0DF-3764-469D-99C9-EA8E61A2F184}
	EndGlobalSection
EndGlobal
